# This file was autogenerated by Stack.
# You should not edit this file by hand.
# For more information, please see the documentation at:
#   https://docs.haskellstack.org/en/stable/lock_files

packages:
- completed:
    hackage: hoppy-generator-0.5.2@sha256:34b0b95bde9077e17b62abd73da4c0e7f43271a2de473b51deaef718a83db4e4,1572
    pantry-tree:
      size: 1351
      sha256: 1ab2a05b345980be1b18c69ab9f30b5faa6f5a3e6064173e86c07fbee654c4be
  original:
    hackage: hoppy-generator-0.5.2
- completed:
    hackage: hoppy-runtime-0.5.1@sha256:df3b3d2ee55f3fdc91e0747603ec2b64c7f8df8b0951591e47628f176b42261d,1095
    pantry-tree:
      size: 297
      sha256: 78be5bdf8f1869ee5e08de3a824b0259d7ff63ddb2cc44899aa580a609e96c9f
  original:
    hackage: hoppy-runtime-0.5.1
- completed:
    hackage: hoppy-std-0.5.0@sha256:d544ab8c5eb412137c33b496575c35f4b58ae32013a273c6bc8229792a2e761c,1500
    pantry-tree:
      size: 1483
      sha256: c3b16546b82f40fbd0e3de4bc6b5ba7a35ca9fec4dbd1562207a2dc46f4cae80
  original:
    hackage: hoppy-std-0.5.0
snapshots:
- completed:
    size: 567342
    url: https://raw.githubusercontent.com/commercialhaskell/stackage-snapshots/master/lts/10/3.yaml
    sha256: b3d22b89ec630597ad007088e98aa1c8d04844b6c0f23970b513a2862e0b8f0a
  original: lts-10.3
