# This file was autogenerated by Stack.
# You should not edit this file by hand.
# For more information, please see the documentation at:
#   https://docs.haskellstack.org/en/stable/lock_files

packages:
- completed:
    hackage: hoppy-generator-0.7.1@sha256:3ba6feaa2710b5c19a6eae48e7678f0b8731acfa7b06e93d221c85f19ed6cf93,2136
    pantry-tree:
      size: 2691
      sha256: 3515849a9d6163a0313256bd91a45d55d59b6b097448dc18aa409d4389908391
  original:
    hackage: hoppy-generator-0.7.1
- completed:
    hackage: hoppy-runtime-0.7.0@sha256:7e8ede0a5c9e18af38181dec8dafe50b2e8ab8309a7391710d2db3327bf4dbc1,1112
    pantry-tree:
      size: 297
      sha256: 07db6d391e445cfcb73c227e513b728d39852337b3d507d5c38c3b72dd6847df
  original:
    hackage: hoppy-runtime-0.7.0
- completed:
    hackage: hoppy-std-0.7.1@sha256:a5ff927e736d583ac3c0820dbdfebb2c69087f7a8f6912b09371e6c2f632beac,1542
    pantry-tree:
      size: 1567
      sha256: 9b2f9ff5c7bc6f1bb1075291ef5dc350073a794b3df283c26ab10a8a096694cb
  original:
    hackage: hoppy-std-0.7.1
snapshots:
- completed:
    size: 524130
    url: https://raw.githubusercontent.com/commercialhaskell/stackage-snapshots/master/lts/14/10.yaml
    sha256: 04841e0397d7ce6364f19359fce89aa45ca8684609d665845db80d398002baa9
  original: lts-14.10
